
Microsoft Visual Studio Solution File, Format Version 12.00
# Visual Studio Version 17
VisualStudioVersion = 17.2.32516.85
MinimumVisualStudioVersion = 10.0.40219.1
Project("{8BC9CEB8-8B4A-11D0-8D11-00A0C91BC942}") = "tic_tac_toe", "tic_tac_toe.vcxproj", "{69B02987-397C-43B7-9E5D-818E9448F76A}"
EndProject
Global
	GlobalSection(SolutionConfigurationPlatforms) = preSolution
		Debug|x64 = Debug|x64
		Debug|x86 = Debug|x86
		Release|x64 = Release|x64
		Release|x86 = Release|x86
	EndGlobalSection
	GlobalSection(ProjectConfigurationPlatforms) = postSolution
		{69B02987-397C-43B7-9E5D-818E9448F76A}.Debug|x64.ActiveCfg = Debug|x64
		{69B02987-397C-43B7-9E5D-818E9448F76A}.Debug|x64.Build.0 = Debug|x64
		{69B02987-397C-43B7-9E5D-818E9448F76A}.Debug|x86.ActiveCfg = Debug|Win32
		{69B02987-397C-43B7-9E5D-818E9448F76A}.Debug|x86.Build.0 = Debug|Win32
		{69B02987-397C-43B7-9E5D-818E9448F76A}.Release|x64.ActiveCfg = Release|x64
		{69B02987-397C-43B7-9E5D-818E9448F76A}.Release|x64.Build.0 = Release|x64
		{69B02987-397C-43B7-9E5D-818E9448F76A}.Release|x86.ActiveCfg = Release|Win32
		{69B02987-397C-43B7-9E5D-818E9448F76A}.Release|x86.Build.0 = Release|Win32
	EndGlobalSection
	GlobalSection(SolutionProperties) = preSolution
		HideSolutionNode = FALSE
	EndGlobalSection
	GlobalSection(ExtensibilityGlobals) = postSolution
		SolutionGuid = {8F4F4B1E-AA27-44A2-B3CF-882B285A3A79}
	EndGlobalSection
EndGlobal
